{
  "name": "adhdashboard-cursor",
  "version": "1.0.0",
  "lockfileVersion": 3,
  "requires": true,
  "packages": {
    "": {
      "name": "adhdashboard-cursor",
      "version": "1.0.0",
      "license": "ISC",
      "devDependencies": {
        "playwright": "^1.37.1"
      }
    },
    "node_modules/playwright": {
      "version": "1.37.1",
      "resolved": "https://registry.npmjs.org/playwright/-/playwright-1.37.1.tgz",
      "integrity": "sha512-bgUXRrQKhT48zHdxDYQTpf//0xDfDd5hLeEhjuSw8rXEGoT9YeElpfvs/izonTNY21IQZ7d3s22jLxYaAnubbQ==",
      "dev": true,
      "hasInstallScript": true,
      "license": "Apache-2.0",
      "dependencies": {
        "playwright-core": "1.37.1"
      },
      "bin": {
        "playwright": "cli.js"
      },
      "engines": {
        "node": ">=16"
      }
    },
    "node_modules/playwright-core": {
      "version": "1.37.1",
      "resolved": "https://registry.npmjs.org/playwright-core/-/playwright-core-1.37.1.tgz",
      "integrity": "sha512-17EuQxlSIYCmEMwzMqusJ2ztDgJePjrbttaefgdsiqeLWidjYz9BxXaTaZWxH1J95SHGk6tjE+dwgWILJoUZfA==",
      "dev": true,
      "license": "Apache-2.0",
      "bin": {
        "playwright-core": "cli.js"
      },
      "engines": {
        "node": ">=16"
      }
    }
  }
}
